
Microsoft Visual Studio Solution File, Format Version 12.00
# Visual Studio Version 17
VisualStudioVersion = 17.2.32317.152
MinimumVisualStudioVersion = 10.0.40219.1
Project("{9A19103F-16F7-4668-BE54-9A1E7A4F7556}") = "UniversityApiBackend", "UniversityApiBackend\UniversityApiBackend.csproj", "{7032F0F7-498F-4918-911D-B548C1633A55}"
EndProject
Project("{FAE04EC0-301F-11D3-BF4B-00C04F79EFBC}") = "LinqSnippets", "LinqSnippets\LinqSnippets.csproj", "{DAB4F601-F603-46E2-A4B1-86DC0C0A53FA}"
EndProject
Global
	GlobalSection(SolutionConfigurationPlatforms) = preSolution
		Debug|Any CPU = Debug|Any CPU
		Release|Any CPU = Release|Any CPU
	EndGlobalSection
	GlobalSection(ProjectConfigurationPlatforms) = postSolution
		{7032F0F7-498F-4918-911D-B548C1633A55}.Debug|Any CPU.ActiveCfg = Debug|Any CPU
		{7032F0F7-498F-4918-911D-B548C1633A55}.Debug|Any CPU.Build.0 = Debug|Any CPU
		{7032F0F7-498F-4918-911D-B548C1633A55}.Release|Any CPU.ActiveCfg = Release|Any CPU
		{7032F0F7-498F-4918-911D-B548C1633A55}.Release|Any CPU.Build.0 = Release|Any CPU
		{DAB4F601-F603-46E2-A4B1-86DC0C0A53FA}.Debug|Any CPU.ActiveCfg = Debug|Any CPU
		{DAB4F601-F603-46E2-A4B1-86DC0C0A53FA}.Debug|Any CPU.Build.0 = Debug|Any CPU
		{DAB4F601-F603-46E2-A4B1-86DC0C0A53FA}.Release|Any CPU.ActiveCfg = Release|Any CPU
		{DAB4F601-F603-46E2-A4B1-86DC0C0A53FA}.Release|Any CPU.Build.0 = Release|Any CPU
	EndGlobalSection
	GlobalSection(SolutionProperties) = preSolution
		HideSolutionNode = FALSE
	EndGlobalSection
	GlobalSection(ExtensibilityGlobals) = postSolution
		SolutionGuid = {6EDAA8DB-3B6A-4EF9-84E7-32A12C30AFCF}
	EndGlobalSection
EndGlobal
